// !$*UTF8*$!
{
	archiveVersion = 1;
	classes = {
	};
	objectVersion = 55;
	objects = {

/* Begin PBXBuildFile section */
		1C078205296C3D0D000D42B4 /* ThemaColor.swift in Sources */ = {isa = PBXBuildFile; fileRef = 1C078204296C3D0D000D42B4 /* ThemaColor.swift */; };
		1C078207296C6943000D42B4 /* ViewState.swift in Sources */ = {isa = PBXBuildFile; fileRef = 1C078206296C6943000D42B4 /* ViewState.swift */; };
		1C078209296C6C0C000D42B4 /* Contributions.swift in Sources */ = {isa = PBXBuildFile; fileRef = 1C078208296C6C0C000D42B4 /* Contributions.swift */; };
		1C1787502909248700BFEB6E /* Settings.bundle in Resources */ = {isa = PBXBuildFile; fileRef = 1C17874F2909248700BFEB6E /* Settings.bundle */; };
		1C1787542909291900BFEB6E /* Assets.swift in Sources */ = {isa = PBXBuildFile; fileRef = 1C1787532909291900BFEB6E /* Assets.swift */; };
		1C1AF58E2915253B00576761 /* Assets.xcassets in Resources */ = {isa = PBXBuildFile; fileRef = 1C17875529092A3800BFEB6E /* Assets.xcassets */; };
		1C6694922822EA3800ABFED2 /* GitHubContributionsMenuBarApp.swift in Sources */ = {isa = PBXBuildFile; fileRef = 1C6694912822EA3800ABFED2 /* GitHubContributionsMenuBarApp.swift */; };
		1C6694992822EA3A00ABFED2 /* Preview Assets.xcassets in Resources */ = {isa = PBXBuildFile; fileRef = 1C6694982822EA3A00ABFED2 /* Preview Assets.xcassets */; };
		1C6694A32822EAD900ABFED2 /* ContentView.swift in Sources */ = {isa = PBXBuildFile; fileRef = 1C6694A22822EAD900ABFED2 /* ContentView.swift */; };
		1C6694A62822EAFB00ABFED2 /* AppViewModel.swift in Sources */ = {isa = PBXBuildFile; fileRef = 1C6694A52822EAFB00ABFED2 /* AppViewModel.swift */; };
		1C6694A92822EB4F00ABFED2 /* Array+.swift in Sources */ = {isa = PBXBuildFile; fileRef = 1C6694A82822EB4F00ABFED2 /* Array+.swift */; };
		1C6694AB2822EB6600ABFED2 /* Color+.swift in Sources */ = {isa = PBXBuildFile; fileRef = 1C6694AA2822EB6600ABFED2 /* Color+.swift */; };
		1C6694AD2822EB9400ABFED2 /* ContributionsView.swift in Sources */ = {isa = PBXBuildFile; fileRef = 1C6694AC2822EB9400ABFED2 /* ContributionsView.swift */; };
		1C6694AF2822EBC300ABFED2 /* GridStack.swift in Sources */ = {isa = PBXBuildFile; fileRef = 1C6694AE2822EBC300ABFED2 /* GridStack.swift */; };
		1C6694B52822EC2700ABFED2 /* View+.swift in Sources */ = {isa = PBXBuildFile; fileRef = 1C6694B42822EC2700ABFED2 /* View+.swift */; };
		1C6694B82822EC8F00ABFED2 /* Contribution.swift in Sources */ = {isa = PBXBuildFile; fileRef = 1C6694B72822EC8F00ABFED2 /* Contribution.swift */; };
		1C6694BA2822ECA400ABFED2 /* GitHub.swift in Sources */ = {isa = PBXBuildFile; fileRef = 1C6694B92822ECA400ABFED2 /* GitHub.swift */; };
		1C6694BD2822ECC500ABFED2 /* SwiftSoup in Frameworks */ = {isa = PBXBuildFile; productRef = 1C6694BC2822ECC500ABFED2 /* SwiftSoup */; };
		1C6694C22822EDC300ABFED2 /* Network+.swift in Sources */ = {isa = PBXBuildFile; fileRef = 1C6694C12822EDC300ABFED2 /* Network+.swift */; };
		1C921BF22909399300BA091E /* README.md in Resources */ = {isa = PBXBuildFile; fileRef = 1C921BF12909399300BA091E /* README.md */; };
		1CA831B9290950D900FC6AB4 /* icon.icns in Resources */ = {isa = PBXBuildFile; fileRef = 1CA831B8290950D900FC6AB4 /* icon.icns */; };
		1CAFD6862823D81100C9A576 /* PreferencesView.swift in Sources */ = {isa = PBXBuildFile; fileRef = 1CAFD6852823D81100C9A576 /* PreferencesView.swift */; };
		1CAFD68B282412F500C9A576 /* SettingsLabelStyle.swift in Sources */ = {isa = PBXBuildFile; fileRef = 1CAFD68A282412F400C9A576 /* SettingsLabelStyle.swift */; };
		1CD3F2B329A4BED7002AE086 /* AppDelegate.swift in Sources */ = {isa = PBXBuildFile; fileRef = 1CD3F2B229A4BED7002AE086 /* AppDelegate.swift */; };
/* End PBXBuildFile section */

/* Begin PBXFileReference section */
		1C078204296C3D0D000D42B4 /* ThemaColor.swift */ = {isa = PBXFileReference; lastKnownFileType = sourcecode.swift; path = ThemaColor.swift; sourceTree = "<group>"; };
		1C078206296C6943000D42B4 /* ViewState.swift */ = {isa = PBXFileReference; lastKnownFileType = sourcecode.swift; path = ViewState.swift; sourceTree = "<group>"; };
		1C078208296C6C0C000D42B4 /* Contributions.swift */ = {isa = PBXFileReference; lastKnownFileType = sourcecode.swift; path = Contributions.swift; sourceTree = "<group>"; };
		1C17874F2909248700BFEB6E /* Settings.bundle */ = {isa = PBXFileReference; lastKnownFileType = "wrapper.plug-in"; path = Settings.bundle; sourceTree = "<group>"; };
		1C1787532909291900BFEB6E /* Assets.swift */ = {isa = PBXFileReference; fileEncoding = 4; lastKnownFileType = sourcecode.swift; path = Assets.swift; sourceTree = "<group>"; };
		1C17875529092A3800BFEB6E /* Assets.xcassets */ = {isa = PBXFileReference; lastKnownFileType = folder.assetcatalog; path = Assets.xcassets; sourceTree = "<group>"; };
		1C66948E2822EA3800ABFED2 /* Contributions.app */ = {isa = PBXFileReference; explicitFileType = wrapper.application; includeInIndex = 0; path = Contributions.app; sourceTree = BUILT_PRODUCTS_DIR; };
		1C6694912822EA3800ABFED2 /* GitHubContributionsMenuBarApp.swift */ = {isa = PBXFileReference; lastKnownFileType = sourcecode.swift; path = GitHubContributionsMenuBarApp.swift; sourceTree = "<group>"; };
		1C6694982822EA3A00ABFED2 /* Preview Assets.xcassets */ = {isa = PBXFileReference; lastKnownFileType = folder.assetcatalog; path = "Preview Assets.xcassets"; sourceTree = "<group>"; };
		1C66949A2822EA3A00ABFED2 /* GitHubContributionsMenuBar.entitlements */ = {isa = PBXFileReference; lastKnownFileType = text.plist.entitlements; path = GitHubContributionsMenuBar.entitlements; sourceTree = "<group>"; };
		1C6694A12822EAB700ABFED2 /* Info.plist */ = {isa = PBXFileReference; lastKnownFileType = text.plist.xml; path = Info.plist; sourceTree = "<group>"; };
		1C6694A22822EAD900ABFED2 /* ContentView.swift */ = {isa = PBXFileReference; lastKnownFileType = sourcecode.swift; path = ContentView.swift; sourceTree = "<group>"; };
		1C6694A52822EAFB00ABFED2 /* AppViewModel.swift */ = {isa = PBXFileReference; lastKnownFileType = sourcecode.swift; path = AppViewModel.swift; sourceTree = "<group>"; };
		1C6694A82822EB4F00ABFED2 /* Array+.swift */ = {isa = PBXFileReference; lastKnownFileType = sourcecode.swift; path = "Array+.swift"; sourceTree = "<group>"; };
		1C6694AA2822EB6600ABFED2 /* Color+.swift */ = {isa = PBXFileReference; lastKnownFileType = sourcecode.swift; path = "Color+.swift"; sourceTree = "<group>"; };
		1C6694AC2822EB9400ABFED2 /* ContributionsView.swift */ = {isa = PBXFileReference; lastKnownFileType = sourcecode.swift; path = ContributionsView.swift; sourceTree = "<group>"; };
		1C6694AE2822EBC300ABFED2 /* GridStack.swift */ = {isa = PBXFileReference; lastKnownFileType = sourcecode.swift; path = GridStack.swift; sourceTree = "<group>"; };
		1C6694B42822EC2700ABFED2 /* View+.swift */ = {isa = PBXFileReference; lastKnownFileType = sourcecode.swift; path = "View+.swift"; sourceTree = "<group>"; };
		1C6694B72822EC8F00ABFED2 /* Contribution.swift */ = {isa = PBXFileReference; lastKnownFileType = sourcecode.swift; path = Contribution.swift; sourceTree = "<group>"; };
		1C6694B92822ECA400ABFED2 /* GitHub.swift */ = {isa = PBXFileReference; lastKnownFileType = sourcecode.swift; path = GitHub.swift; sourceTree = "<group>"; };
		1C6694C12822EDC300ABFED2 /* Network+.swift */ = {isa = PBXFileReference; lastKnownFileType = sourcecode.swift; path = "Network+.swift"; sourceTree = "<group>"; };
		1C921BF12909399300BA091E /* README.md */ = {isa = PBXFileReference; fileEncoding = 4; lastKnownFileType = net.daringfireball.markdown; path = README.md; sourceTree = SOURCE_ROOT; xcLanguageSpecificationIdentifier = xcode.lang.markdown; };
		1CA831B8290950D900FC6AB4 /* icon.icns */ = {isa = PBXFileReference; lastKnownFileType = image.icns; path = icon.icns; sourceTree = "<group>"; };
		1CAFD6852823D81100C9A576 /* PreferencesView.swift */ = {isa = PBXFileReference; lastKnownFileType = sourcecode.swift; path = PreferencesView.swift; sourceTree = "<group>"; };
		1CAFD68A282412F400C9A576 /* SettingsLabelStyle.swift */ = {isa = PBXFileReference; lastKnownFileType = sourcecode.swift; path = SettingsLabelStyle.swift; sourceTree = "<group>"; };
		1CD3F2B229A4BED7002AE086 /* AppDelegate.swift */ = {isa = PBXFileReference; lastKnownFileType = sourcecode.swift; path = AppDelegate.swift; sourceTree = "<group>"; };
/* End PBXFileReference section */

/* Begin PBXFrameworksBuildPhase section */
		1C66948B2822EA3800ABFED2 /* Frameworks */ = {
			isa = PBXFrameworksBuildPhase;
			buildActionMask = 2147483647;
			files = (
				1C6694BD2822ECC500ABFED2 /* SwiftSoup in Frameworks */,
			);
			runOnlyForDeploymentPostprocessing = 0;
		};
/* End PBXFrameworksBuildPhase section */

/* Begin PBXGroup section */
		1C078202296C3C93000D42B4 /* Model */ = {
			isa = PBXGroup;
			children = (
				1C078203296C3CEF000D42B4 /* Entity */,
				1C6694B62822EC7200ABFED2 /* Network */,
			);
			path = Model;
			sourceTree = "<group>";
		};
		1C078203296C3CEF000D42B4 /* Entity */ = {
			isa = PBXGroup;
			children = (
				1C078204296C3D0D000D42B4 /* ThemaColor.swift */,
				1C078206296C6943000D42B4 /* ViewState.swift */,
				1C078208296C6C0C000D42B4 /* Contributions.swift */,
			);
			path = Entity;
			sourceTree = "<group>";
		};
		1C17874C290921ED00BFEB6E /* Resource */ = {
			isa = PBXGroup;
			children = (
				1C17874F2909248700BFEB6E /* Settings.bundle */,
				1C17875529092A3800BFEB6E /* Assets.xcassets */,
				1C6694A12822EAB700ABFED2 /* Info.plist */,
				1CA831B8290950D900FC6AB4 /* icon.icns */,
			);
			path = Resource;
			sourceTree = "<group>";
		};
		1C17874D290922D200BFEB6E /* Generated */ = {
			isa = PBXGroup;
			children = (
				1C1787532909291900BFEB6E /* Assets.swift */,
			);
			path = Generated;
			sourceTree = "<group>";
		};
		1C6694852822EA3800ABFED2 = {
			isa = PBXGroup;
			children = (
				1C6694902822EA3800ABFED2 /* GitHubContributionsMenuBar */,
				1C66948F2822EA3800ABFED2 /* Products */,
			);
			sourceTree = "<group>";
		};
		1C66948F2822EA3800ABFED2 /* Products */ = {
			isa = PBXGroup;
			children = (
				1C66948E2822EA3800ABFED2 /* Contributions.app */,
			);
			name = Products;
			sourceTree = "<group>";
		};
		1C6694902822EA3800ABFED2 /* GitHubContributionsMenuBar */ = {
			isa = PBXGroup;
			children = (
				1C921BF12909399300BA091E /* README.md */,
				1CBC3A2D296AE60E00E1EDB5 /* Application */,
				1C6694A02822EA5800ABFED2 /* View */,
				1C6694A42822EAED00ABFED2 /* ViewModel */,
				1C078202296C3C93000D42B4 /* Model */,
				1C17874D290922D200BFEB6E /* Generated */,
				1C6694A72822EB3200ABFED2 /* Extension */,
				1C17874C290921ED00BFEB6E /* Resource */,
				1C6694972822EA3A00ABFED2 /* Preview Content */,
			);
			path = GitHubContributionsMenuBar;
			sourceTree = "<group>";
		};
		1C6694972822EA3A00ABFED2 /* Preview Content */ = {
			isa = PBXGroup;
			children = (
				1C6694982822EA3A00ABFED2 /* Preview Assets.xcassets */,
			);
			path = "Preview Content";
			sourceTree = "<group>";
		};
		1C6694A02822EA5800ABFED2 /* View */ = {
			isa = PBXGroup;
			children = (
				1C6694A22822EAD900ABFED2 /* ContentView.swift */,
				1CAFD6942824193200C9A576 /* Contributions */,
				1CAFD689282411D700C9A576 /* Preferences */,
				1CD3F2B429A4C0B3002AE086 /* Common */,
			);
			path = View;
			sourceTree = "<group>";
		};
		1C6694A42822EAED00ABFED2 /* ViewModel */ = {
			isa = PBXGroup;
			children = (
				1C6694A52822EAFB00ABFED2 /* AppViewModel.swift */,
			);
			path = ViewModel;
			sourceTree = "<group>";
		};
		1C6694A72822EB3200ABFED2 /* Extension */ = {
			isa = PBXGroup;
			children = (
				1C6694A82822EB4F00ABFED2 /* Array+.swift */,
				1C6694AA2822EB6600ABFED2 /* Color+.swift */,
				1C6694B42822EC2700ABFED2 /* View+.swift */,
				1C6694C12822EDC300ABFED2 /* Network+.swift */,
			);
			path = Extension;
			sourceTree = "<group>";
		};
		1C6694B62822EC7200ABFED2 /* Network */ = {
			isa = PBXGroup;
			children = (
				1C6694B72822EC8F00ABFED2 /* Contribution.swift */,
				1C6694B92822ECA400ABFED2 /* GitHub.swift */,
			);
			path = Network;
			sourceTree = "<group>";
		};
		1CAFD689282411D700C9A576 /* Preferences */ = {
			isa = PBXGroup;
			children = (
				1CAFD6852823D81100C9A576 /* PreferencesView.swift */,
			);
			path = Preferences;
			sourceTree = "<group>";
		};
		1CAFD6942824193200C9A576 /* Contributions */ = {
			isa = PBXGroup;
			children = (
				1C6694AC2822EB9400ABFED2 /* ContributionsView.swift */,
			);
			path = Contributions;
			sourceTree = "<group>";
		};
		1CBC3A2D296AE60E00E1EDB5 /* Application */ = {
			isa = PBXGroup;
			children = (
				1C66949A2822EA3A00ABFED2 /* GitHubContributionsMenuBar.entitlements */,
				1C6694912822EA3800ABFED2 /* GitHubContributionsMenuBarApp.swift */,
				1CD3F2B229A4BED7002AE086 /* AppDelegate.swift */,
			);
			path = Application;
			sourceTree = "<group>";
		};
		1CD3F2B429A4C0B3002AE086 /* Common */ = {
			isa = PBXGroup;
			children = (
				1CAFD68A282412F400C9A576 /* SettingsLabelStyle.swift */,
				1C6694AE2822EBC300ABFED2 /* GridStack.swift */,
			);
			path = Common;
			sourceTree = "<group>";
		};
/* End PBXGroup section */

/* Begin PBXNativeTarget section */
		1C66948D2822EA3800ABFED2 /* GitHubContributionsMenuBar */ = {
			isa = PBXNativeTarget;
			buildConfigurationList = 1C66949D2822EA3A00ABFED2 /* Build configuration list for PBXNativeTarget "GitHubContributionsMenuBar" */;
			buildPhases = (
				1C66948A2822EA3800ABFED2 /* Sources */,
				1C66948B2822EA3800ABFED2 /* Frameworks */,
				1C66948C2822EA3800ABFED2 /* Resources */,
				1C17874E290923D800BFEB6E /* ShellScript */,
			);
			buildRules = (
			);
			dependencies = (
			);
			name = GitHubContributionsMenuBar;
			packageProductDependencies = (
				1C6694BC2822ECC500ABFED2 /* SwiftSoup */,
			);
			productName = GitHubContributionsMenuBar;
			productReference = 1C66948E2822EA3800ABFED2 /* Contributions.app */;
			productType = "com.apple.product-type.application";
		};
/* End PBXNativeTarget section */

/* Begin PBXProject section */
		1C6694862822EA3800ABFED2 /* Project object */ = {
			isa = PBXProject;
			attributes = {
				BuildIndependentTargetsInParallel = 1;
				LastSwiftUpdateCheck = 1330;
				LastUpgradeCheck = 1410;
				TargetAttributes = {
					1C66948D2822EA3800ABFED2 = {
						CreatedOnToolsVersion = 13.3;
					};
				};
			};
			buildConfigurationList = 1C6694892822EA3800ABFED2 /* Build configuration list for PBXProject "GitHubContributionsMenuBar" */;
			compatibilityVersion = "Xcode 13.0";
			developmentRegion = en;
			hasScannedForEncodings = 0;
			knownRegions = (
				en,
				Base,
			);
			mainGroup = 1C6694852822EA3800ABFED2;
			packageReferences = (
				1C6694BB2822ECC500ABFED2 /* XCRemoteSwiftPackageReference "SwiftSoup" */,
			);
			productRefGroup = 1C66948F2822EA3800ABFED2 /* Products */;
			projectDirPath = "";
			projectRoot = "";
			targets = (
				1C66948D2822EA3800ABFED2 /* GitHubContributionsMenuBar */,
			);
		};
/* End PBXProject section */

/* Begin PBXResourcesBuildPhase section */
		1C66948C2822EA3800ABFED2 /* Resources */ = {
			isa = PBXResourcesBuildPhase;
			buildActionMask = 2147483647;
			files = (
				1C921BF22909399300BA091E /* README.md in Resources */,
				1CA831B9290950D900FC6AB4 /* icon.icns in Resources */,
				1C1AF58E2915253B00576761 /* Assets.xcassets in Resources */,
				1C6694992822EA3A00ABFED2 /* Preview Assets.xcassets in Resources */,
				1C1787502909248700BFEB6E /* Settings.bundle in Resources */,
			);
			runOnlyForDeploymentPostprocessing = 0;
		};
/* End PBXResourcesBuildPhase section */

/* Begin PBXShellScriptBuildPhase section */
		1C17874E290923D800BFEB6E /* ShellScript */ = {
			isa = PBXShellScriptBuildPhase;
			alwaysOutOfDate = 1;
			buildActionMask = 2147483647;
			files = (
			);
			inputFileListPaths = (
			);
			inputPaths = (
			);
			outputFileListPaths = (
			);
			outputPaths = (
			);
			runOnlyForDeploymentPostprocessing = 0;
			shellPath = /bin/sh;
			shellScript = "export PATH=/opt/homebrew/bin:$PATH\n\nif which mint >/dev/null; then\n    # SwiftGen\n    xcrun --sdk macosx mint run swiftgen\n    # SwiftLint\n    xcrun --sdk macosx mint run swiftlint\n    # SwiftFormat\n    xcrun --sdk macosx mint run swiftformat GitHubContributionsMenuBar\n    # LicensePlist\n    xcrun --sdk macosx mint run mono0926/LicensePlist --output-path $PROJECT_NAME/Resource/Settings.bundle\nelse \n    echo 'warning: mint not installed.'\nfi\n";
		};
/* End PBXShellScriptBuildPhase section */

/* Begin PBXSourcesBuildPhase section */
		1C66948A2822EA3800ABFED2 /* Sources */ = {
			isa = PBXSourcesBuildPhase;
			buildActionMask = 2147483647;
			files = (
				1C6694A32822EAD900ABFED2 /* ContentView.swift in Sources */,
				1C6694A92822EB4F00ABFED2 /* Array+.swift in Sources */,
				1C6694C22822EDC300ABFED2 /* Network+.swift in Sources */,
				1C6694AD2822EB9400ABFED2 /* ContributionsView.swift in Sources */,
				1CAFD68B282412F500C9A576 /* SettingsLabelStyle.swift in Sources */,
				1C1787542909291900BFEB6E /* Assets.swift in Sources */,
				1C6694A62822EAFB00ABFED2 /* AppViewModel.swift in Sources */,
				1CAFD6862823D81100C9A576 /* PreferencesView.swift in Sources */,
				1C6694BA2822ECA400ABFED2 /* GitHub.swift in Sources */,
				1C6694922822EA3800ABFED2 /* GitHubContributionsMenuBarApp.swift in Sources */,
				1C6694AF2822EBC300ABFED2 /* GridStack.swift in Sources */,
				1C6694B82822EC8F00ABFED2 /* Contribution.swift in Sources */,
				1CD3F2B329A4BED7002AE086 /* AppDelegate.swift in Sources */,
				1C078209296C6C0C000D42B4 /* Contributions.swift in Sources */,
				1C078205296C3D0D000D42B4 /* ThemaColor.swift in Sources */,
				1C6694B52822EC2700ABFED2 /* View+.swift in Sources */,
				1C6694AB2822EB6600ABFED2 /* Color+.swift in Sources */,
				1C078207296C6943000D42B4 /* ViewState.swift in Sources */,
			);
			runOnlyForDeploymentPostprocessing = 0;
		};
/* End PBXSourcesBuildPhase section */

/* Begin XCBuildConfiguration section */
		1C66949B2822EA3A00ABFED2 /* Debug */ = {
			isa = XCBuildConfiguration;
			buildSettings = {
				ALWAYS_SEARCH_USER_PATHS = NO;
				CLANG_ANALYZER_NONNULL = YES;
				CLANG_ANALYZER_NUMBER_OBJECT_CONVERSION = YES_AGGRESSIVE;
				CLANG_CXX_LANGUAGE_STANDARD = "gnu++17";
				CLANG_ENABLE_MODULES = YES;
				CLANG_ENABLE_OBJC_ARC = YES;
				CLANG_ENABLE_OBJC_WEAK = YES;
				CLANG_WARN_BLOCK_CAPTURE_AUTORELEASING = YES;
				CLANG_WARN_BOOL_CONVERSION = YES;
				CLANG_WARN_COMMA = YES;
				CLANG_WARN_CONSTANT_CONVERSION = YES;
				CLANG_WARN_DEPRECATED_OBJC_IMPLEMENTATIONS = YES;
				CLANG_WARN_DIRECT_OBJC_ISA_USAGE = YES_ERROR;
				CLANG_WARN_DOCUMENTATION_COMMENTS = YES;
				CLANG_WARN_EMPTY_BODY = YES;
				CLANG_WARN_ENUM_CONVERSION = YES;
				CLANG_WARN_INFINITE_RECURSION = YES;
				CLANG_WARN_INT_CONVERSION = YES;
				CLANG_WARN_NON_LITERAL_NULL_CONVERSION = YES;
				CLANG_WARN_OBJC_IMPLICIT_RETAIN_SELF = YES;
				CLANG_WARN_OBJC_LITERAL_CONVERSION = YES;
				CLANG_WARN_OBJC_ROOT_CLASS = YES_ERROR;
				CLANG_WARN_QUOTED_INCLUDE_IN_FRAMEWORK_HEADER = YES;
				CLANG_WARN_RANGE_LOOP_ANALYSIS = YES;
				CLANG_WARN_STRICT_PROTOTYPES = YES;
				CLANG_WARN_SUSPICIOUS_MOVE = YES;
				CLANG_WARN_UNGUARDED_AVAILABILITY = YES_AGGRESSIVE;
				CLANG_WARN_UNREACHABLE_CODE = YES;
				CLANG_WARN__DUPLICATE_METHOD_MATCH = YES;
				COPY_PHASE_STRIP = NO;
				DEAD_CODE_STRIPPING = YES;
				DEBUG_INFORMATION_FORMAT = dwarf;
				ENABLE_STRICT_OBJC_MSGSEND = YES;
				ENABLE_TESTABILITY = YES;
				GCC_C_LANGUAGE_STANDARD = gnu11;
				GCC_DYNAMIC_NO_PIC = NO;
				GCC_NO_COMMON_BLOCKS = YES;
				GCC_OPTIMIZATION_LEVEL = 0;
				GCC_PREPROCESSOR_DEFINITIONS = (
					"DEBUG=1",
					"$(inherited)",
				);
				GCC_WARN_64_TO_32_BIT_CONVERSION = YES;
				GCC_WARN_ABOUT_RETURN_TYPE = YES_ERROR;
				GCC_WARN_UNDECLARED_SELECTOR = YES;
				GCC_WARN_UNINITIALIZED_AUTOS = YES_AGGRESSIVE;
				GCC_WARN_UNUSED_FUNCTION = YES;
				GCC_WARN_UNUSED_VARIABLE = YES;
				MACOSX_DEPLOYMENT_TARGET = 13.0;
				MTL_ENABLE_DEBUG_INFO = INCLUDE_SOURCE;
				MTL_FAST_MATH = YES;
				ONLY_ACTIVE_ARCH = YES;
				SDKROOT = macosx;
				SWIFT_ACTIVE_COMPILATION_CONDITIONS = DEBUG;
				SWIFT_OPTIMIZATION_LEVEL = "-Onone";
			};
			name = Debug;
		};
		1C66949C2822EA3A00ABFED2 /* Release */ = {
			isa = XCBuildConfiguration;
			buildSettings = {
				ALWAYS_SEARCH_USER_PATHS = NO;
				CLANG_ANALYZER_NONNULL = YES;
				CLANG_ANALYZER_NUMBER_OBJECT_CONVERSION = YES_AGGRESSIVE;
				CLANG_CXX_LANGUAGE_STANDARD = "gnu++17";
				CLANG_ENABLE_MODULES = YES;
				CLANG_ENABLE_OBJC_ARC = YES;
				CLANG_ENABLE_OBJC_WEAK = YES;
				CLANG_WARN_BLOCK_CAPTURE_AUTORELEASING = YES;
				CLANG_WARN_BOOL_CONVERSION = YES;
				CLANG_WARN_COMMA = YES;
				CLANG_WARN_CONSTANT_CONVERSION = YES;
				CLANG_WARN_DEPRECATED_OBJC_IMPLEMENTATIONS = YES;
				CLANG_WARN_DIRECT_OBJC_ISA_USAGE = YES_ERROR;
				CLANG_WARN_DOCUMENTATION_COMMENTS = YES;
				CLANG_WARN_EMPTY_BODY = YES;
				CLANG_WARN_ENUM_CONVERSION = YES;
				CLANG_WARN_INFINITE_RECURSION = YES;
				CLANG_WARN_INT_CONVERSION = YES;
				CLANG_WARN_NON_LITERAL_NULL_CONVERSION = YES;
				CLANG_WARN_OBJC_IMPLICIT_RETAIN_SELF = YES;
				CLANG_WARN_OBJC_LITERAL_CONVERSION = YES;
				CLANG_WARN_OBJC_ROOT_CLASS = YES_ERROR;
				CLANG_WARN_QUOTED_INCLUDE_IN_FRAMEWORK_HEADER = YES;
				CLANG_WARN_RANGE_LOOP_ANALYSIS = YES;
				CLANG_WARN_STRICT_PROTOTYPES = YES;
				CLANG_WARN_SUSPICIOUS_MOVE = YES;
				CLANG_WARN_UNGUARDED_AVAILABILITY = YES_AGGRESSIVE;
				CLANG_WARN_UNREACHABLE_CODE = YES;
				CLANG_WARN__DUPLICATE_METHOD_MATCH = YES;
				COPY_PHASE_STRIP = NO;
				DEAD_CODE_STRIPPING = YES;
				DEBUG_INFORMATION_FORMAT = "dwarf-with-dsym";
				ENABLE_NS_ASSERTIONS = NO;
				ENABLE_STRICT_OBJC_MSGSEND = YES;
				GCC_C_LANGUAGE_STANDARD = gnu11;
				GCC_NO_COMMON_BLOCKS = YES;
				GCC_WARN_64_TO_32_BIT_CONVERSION = YES;
				GCC_WARN_ABOUT_RETURN_TYPE = YES_ERROR;
				GCC_WARN_UNDECLARED_SELECTOR = YES;
				GCC_WARN_UNINITIALIZED_AUTOS = YES_AGGRESSIVE;
				GCC_WARN_UNUSED_FUNCTION = YES;
				GCC_WARN_UNUSED_VARIABLE = YES;
				MACOSX_DEPLOYMENT_TARGET = 13.0;
				MTL_ENABLE_DEBUG_INFO = NO;
				MTL_FAST_MATH = YES;
				SDKROOT = macosx;
				SWIFT_COMPILATION_MODE = wholemodule;
				SWIFT_OPTIMIZATION_LEVEL = "-O";
			};
			name = Release;
		};
		1C66949E2822EA3A00ABFED2 /* Debug */ = {
			isa = XCBuildConfiguration;
			buildSettings = {
				ASSETCATALOG_COMPILER_APPICON_NAME = AppIcon;
				ASSETCATALOG_COMPILER_GLOBAL_ACCENT_COLOR_NAME = AccentColor;
				ASSETCATALOG_COMPILER_INCLUDE_ALL_APPICON_ASSETS = NO;
				CODE_SIGN_ENTITLEMENTS = GitHubContributionsMenuBar/Application/GitHubContributionsMenuBar.entitlements;
				CODE_SIGN_IDENTITY = "-";
				CODE_SIGN_STYLE = Automatic;
				COMBINE_HIDPI_IMAGES = YES;
				CURRENT_PROJECT_VERSION = 112;
				DEAD_CODE_STRIPPING = YES;
				DEVELOPMENT_ASSET_PATHS = "\"GitHubContributionsMenuBar/Preview Content\"";
				DEVELOPMENT_TEAM = 69BMRJXU5B;
				ENABLE_HARDENED_RUNTIME = YES;
				ENABLE_PREVIEWS = YES;
				GENERATE_INFOPLIST_FILE = YES;
				INFOPLIST_FILE = GitHubContributionsMenuBar/Resource/Info.plist;
				INFOPLIST_KEY_CFBundleDisplayName = Contributions;
				INFOPLIST_KEY_LSApplicationCategoryType = "public.app-category.productivity";
				INFOPLIST_KEY_NSHumanReadableCopyright = "";
				INFOPLIST_KEY_NSPrincipalClass = NSApplication;
				LD_RUNPATH_SEARCH_PATHS = (
					"$(inherited)",
					"@executable_path/../Frameworks",
				);
				MACOSX_DEPLOYMENT_TARGET = 13.0;
				MARKETING_VERSION = 1.2.0;
				PRODUCT_BUNDLE_IDENTIFIER = com.GitHubContributionsMenuBar;
				PRODUCT_NAME = Contributions;
				SWIFT_EMIT_LOC_STRINGS = YES;
				SWIFT_VERSION = 5.0;
			};
			name = Debug;
		};
		1C66949F2822EA3A00ABFED2 /* Release */ = {
			isa = XCBuildConfiguration;
			buildSettings = {
				ASSETCATALOG_COMPILER_APPICON_NAME = AppIcon;
				ASSETCATALOG_COMPILER_GLOBAL_ACCENT_COLOR_NAME = AccentColor;
				ASSETCATALOG_COMPILER_INCLUDE_ALL_APPICON_ASSETS = NO;
				CODE_SIGN_ENTITLEMENTS = GitHubContributionsMenuBar/Application/GitHubContributionsMenuBar.entitlements;
				CODE_SIGN_IDENTITY = "-";
				CODE_SIGN_STYLE = Automatic;
				COMBINE_HIDPI_IMAGES = YES;
				CURRENT_PROJECT_VERSION = 112;
				DEAD_CODE_STRIPPING = YES;
				DEVELOPMENT_ASSET_PATHS = "\"GitHubContributionsMenuBar/Preview Content\"";
				DEVELOPMENT_TEAM = 69BMRJXU5B;
				ENABLE_HARDENED_RUNTIME = YES;
				ENABLE_PREVIEWS = YES;
				GENERATE_INFOPLIST_FILE = YES;
				INFOPLIST_FILE = GitHubContributionsMenuBar/Resource/Info.plist;
				INFOPLIST_KEY_CFBundleDisplayName = Contributions;
				INFOPLIST_KEY_LSApplicationCategoryType = "public.app-category.productivity";
				INFOPLIST_KEY_NSHumanReadableCopyright = "";
				INFOPLIST_KEY_NSPrincipalClass = NSApplication;
				LD_RUNPATH_SEARCH_PATHS = (
					"$(inherited)",
					"@executable_path/../Frameworks",
				);
				MACOSX_DEPLOYMENT_TARGET = 13.0;
				MARKETING_VERSION = 1.2.0;
				PRODUCT_BUNDLE_IDENTIFIER = com.GitHubContributionsMenuBar;
				PRODUCT_NAME = Contributions;
				SWIFT_EMIT_LOC_STRINGS = YES;
				SWIFT_VERSION = 5.0;
			};
			name = Release;
		};
/* End XCBuildConfiguration section */

/* Begin XCConfigurationList section */
		1C6694892822EA3800ABFED2 /* Build configuration list for PBXProject "GitHubContributionsMenuBar" */ = {
			isa = XCConfigurationList;
			buildConfigurations = (
				1C66949B2822EA3A00ABFED2 /* Debug */,
				1C66949C2822EA3A00ABFED2 /* Release */,
			);
			defaultConfigurationIsVisible = 0;
			defaultConfigurationName = Release;
		};
		1C66949D2822EA3A00ABFED2 /* Build configuration list for PBXNativeTarget "GitHubContributionsMenuBar" */ = {
			isa = XCConfigurationList;
			buildConfigurations = (
				1C66949E2822EA3A00ABFED2 /* Debug */,
				1C66949F2822EA3A00ABFED2 /* Release */,
			);
			defaultConfigurationIsVisible = 0;
			defaultConfigurationName = Release;
		};
/* End XCConfigurationList section */

/* Begin XCRemoteSwiftPackageReference section */
		1C6694BB2822ECC500ABFED2 /* XCRemoteSwiftPackageReference "SwiftSoup" */ = {
			isa = XCRemoteSwiftPackageReference;
			repositoryURL = "https://github.com/scinfu/SwiftSoup";
			requirement = {
				kind = upToNextMajorVersion;
				minimumVersion = 2.0.0;
			};
		};
/* End XCRemoteSwiftPackageReference section */

/* Begin XCSwiftPackageProductDependency section */
		1C6694BC2822ECC500ABFED2 /* SwiftSoup */ = {
			isa = XCSwiftPackageProductDependency;
			package = 1C6694BB2822ECC500ABFED2 /* XCRemoteSwiftPackageReference "SwiftSoup" */;
			productName = SwiftSoup;
		};
/* End XCSwiftPackageProductDependency section */
	};
	rootObject = 1C6694862822EA3800ABFED2 /* Project object */;
}
